Microsoft Visual Studio Solution File, Format Version 12.00
# Visual Studio Version 17
VisualStudioVersion = 17.5.2.0
MinimumVisualStudioVersion = 10.0.40219.1
Project("{FAE04EC0-301F-11D3-BF4B-00C04F79EFBC}") = "MySecureWebApi", "MySecureWebApi.csproj", "{DEA92977-5DA0-A41F-3FEC-75B78270EF8A}"
EndProject
Global
	GlobalSection(SolutionConfigurationPlatforms) = preSolution
		Debug|Any CPU = Debug|Any CPU
		Release|Any CPU = Release|Any CPU
	EndGlobalSection
	GlobalSection(ProjectConfigurationPlatforms) = postSolution
		{DEA92977-5DA0-A41F-3FEC-75B78270EF8A}.Debug|Any CPU.ActiveCfg = Debug|Any CPU
		{DEA92977-5DA0-A41F-3FEC-75B78270EF8A}.Debug|Any CPU.Build.0 = Debug|Any CPU
		{DEA92977-5DA0-A41F-3FEC-75B78270EF8A}.Release|Any CPU.ActiveCfg = Release|Any CPU
		{DEA92977-5DA0-A41F-3FEC-75B78270EF8A}.Release|Any CPU.Build.0 = Release|Any CPU
	EndGlobalSection
	GlobalSection(SolutionProperties) = preSolution
		HideSolutionNode = FALSE
	EndGlobalSection
	GlobalSection(ExtensibilityGlobals) = postSolution
		SolutionGuid = {EEC382B8-95E3-4DF7-89ED-8C1495D4CDE6}
	EndGlobalSection
EndGlobal
